
Microsoft Visual Studio Solution File, Format Version 12.00
# Visual Studio Version 17
VisualStudioVersion = 17.8.34330.188
MinimumVisualStudioVersion = 10.0.40219.1
Project("{FAE04EC0-301F-11D3-BF4B-00C04F79EFBC}") = "FunctionDemo", "FunctionDemo\FunctionDemo.csproj", "{63522C5B-A76C-4AB9-BE04-DFFA10C17991}"
EndProject
Global
	GlobalSection(SolutionConfigurationPlatforms) = preSolution
		Debug|Any CPU = Debug|Any CPU
		Release|Any CPU = Release|Any CPU
	EndGlobalSection
	GlobalSection(ProjectConfigurationPlatforms) = postSolution
		{63522C5B-A76C-4AB9-BE04-DFFA10C17991}.Debug|Any CPU.ActiveCfg = Debug|Any CPU
		{63522C5B-A76C-4AB9-BE04-DFFA10C17991}.Debug|Any CPU.Build.0 = Debug|Any CPU
		{63522C5B-A76C-4AB9-BE04-DFFA10C17991}.Release|Any CPU.ActiveCfg = Release|Any CPU
		{63522C5B-A76C-4AB9-BE04-DFFA10C17991}.Release|Any CPU.Build.0 = Release|Any CPU
	EndGlobalSection
	GlobalSection(SolutionProperties) = preSolution
		HideSolutionNode = FALSE
	EndGlobalSection
	GlobalSection(ExtensibilityGlobals) = postSolution
		SolutionGuid = {63276AA0-CBFC-4CBC-B08A-B871A506B9D4}
	EndGlobalSection
EndGlobal
