
Microsoft Visual Studio Solution File, Format Version 12.00
# Visual Studio Version 17
VisualStudioVersion = 17.8.34330.188
MinimumVisualStudioVersion = 10.0.40219.1
Project("{FAE04EC0-301F-11D3-BF4B-00C04F79EFBC}") = "Overloding&OverridingDemo", "Overloding&OverridingDemo\Overloding&OverridingDemo.csproj", "{EA728545-2CF2-4625-9CE9-1DB013A4D102}"
EndProject
Global
	GlobalSection(SolutionConfigurationPlatforms) = preSolution
		Debug|Any CPU = Debug|Any CPU
		Release|Any CPU = Release|Any CPU
	EndGlobalSection
	GlobalSection(ProjectConfigurationPlatforms) = postSolution
		{EA728545-2CF2-4625-9CE9-1DB013A4D102}.Debug|Any CPU.ActiveCfg = Debug|Any CPU
		{EA728545-2CF2-4625-9CE9-1DB013A4D102}.Debug|Any CPU.Build.0 = Debug|Any CPU
		{EA728545-2CF2-4625-9CE9-1DB013A4D102}.Release|Any CPU.ActiveCfg = Release|Any CPU
		{EA728545-2CF2-4625-9CE9-1DB013A4D102}.Release|Any CPU.Build.0 = Release|Any CPU
	EndGlobalSection
	GlobalSection(SolutionProperties) = preSolution
		HideSolutionNode = FALSE
	EndGlobalSection
	GlobalSection(ExtensibilityGlobals) = postSolution
		SolutionGuid = {106E488C-D532-490A-8697-861529CBD9A7}
	EndGlobalSection
EndGlobal
