
Microsoft Visual Studio Solution File, Format Version 12.00
# Visual Studio Version 17
VisualStudioVersion = 17.8.34330.188
MinimumVisualStudioVersion = 10.0.40219.1
Project("{FAE04EC0-301F-11D3-BF4B-00C04F79EFBC}") = "Registation Form", "Registation Form\Registation Form.csproj", "{890E42A3-EFF3-4E19-BBF7-AE08442BE390}"
EndProject
Global
	GlobalSection(SolutionConfigurationPlatforms) = preSolution
		Debug|Any CPU = Debug|Any CPU
		Release|Any CPU = Release|Any CPU
	EndGlobalSection
	GlobalSection(ProjectConfigurationPlatforms) = postSolution
		{890E42A3-EFF3-4E19-BBF7-AE08442BE390}.Debug|Any CPU.ActiveCfg = Debug|Any CPU
		{890E42A3-EFF3-4E19-BBF7-AE08442BE390}.Debug|Any CPU.Build.0 = Debug|Any CPU
		{890E42A3-EFF3-4E19-BBF7-AE08442BE390}.Release|Any CPU.ActiveCfg = Release|Any CPU
		{890E42A3-EFF3-4E19-BBF7-AE08442BE390}.Release|Any CPU.Build.0 = Release|Any CPU
	EndGlobalSection
	GlobalSection(SolutionProperties) = preSolution
		HideSolutionNode = FALSE
	EndGlobalSection
	GlobalSection(ExtensibilityGlobals) = postSolution
		SolutionGuid = {6A791298-6289-4A1B-97A0-D85D03589F6B}
	EndGlobalSection
EndGlobal
